
Microsoft Visual Studio Solution File, Format Version 12.00
# Visual Studio Version 16
VisualStudioVersion = 16.0.30717.126
MinimumVisualStudioVersion = 10.0.40219.1
Project("{FAE04EC0-301F-11D3-BF4B-00C04F79EFBC}") = "BookShop.Entities", "BookShop.Entities\BookShop.Entities.csproj", "{86F11ADB-2FE8-450B-8FFC-A64D299CF1D5}"
EndProject
Project("{FAE04EC0-301F-11D3-BF4B-00C04F79EFBC}") = "BookShop.DataAccessLayer", "BookShop.DataAccessLayer\BookShop.DataAccessLayer.csproj", "{BF518AD8-EDD7-4275-936E-3930D6475E9D}"
EndProject
Project("{FAE04EC0-301F-11D3-BF4B-00C04F79EFBC}") = "BookShop.BusinessLayer", "BookShop.BusinessLayer\BookShop.BusinessLayer.csproj", "{5FC4FA97-160A-4FED-B5A4-4F492911B76D}"
EndProject
Project("{FAE04EC0-301F-11D3-BF4B-00C04F79EFBC}") = "BookShop.ConsoleApp", "BookShop.ConsoleApp\BookShop.ConsoleApp.csproj", "{8C443B63-F74C-4578-A1B1-C1B1054695AA}"
EndProject
Project("{FAE04EC0-301F-11D3-BF4B-00C04F79EFBC}") = "BookShop.WinFormApp", "BookShop.WinFormApp\BookShop.WinFormApp.csproj", "{73BAED6E-E5AC-48E0-9AA8-073252C169A9}"
EndProject
Global
	GlobalSection(SolutionConfigurationPlatforms) = preSolution
		Debug|Any CPU = Debug|Any CPU
		Release|Any CPU = Release|Any CPU
	EndGlobalSection
	GlobalSection(ProjectConfigurationPlatforms) = postSolution
		{86F11ADB-2FE8-450B-8FFC-A64D299CF1D5}.Debug|Any CPU.ActiveCfg = Debug|Any CPU
		{86F11ADB-2FE8-450B-8FFC-A64D299CF1D5}.Debug|Any CPU.Build.0 = Debug|Any CPU
		{86F11ADB-2FE8-450B-8FFC-A64D299CF1D5}.Release|Any CPU.ActiveCfg = Release|Any CPU
		{86F11ADB-2FE8-450B-8FFC-A64D299CF1D5}.Release|Any CPU.Build.0 = Release|Any CPU
		{BF518AD8-EDD7-4275-936E-3930D6475E9D}.Debug|Any CPU.ActiveCfg = Debug|Any CPU
		{BF518AD8-EDD7-4275-936E-3930D6475E9D}.Debug|Any CPU.Build.0 = Debug|Any CPU
		{BF518AD8-EDD7-4275-936E-3930D6475E9D}.Release|Any CPU.ActiveCfg = Release|Any CPU
		{BF518AD8-EDD7-4275-936E-3930D6475E9D}.Release|Any CPU.Build.0 = Release|Any CPU
		{5FC4FA97-160A-4FED-B5A4-4F492911B76D}.Debug|Any CPU.ActiveCfg = Debug|Any CPU
		{5FC4FA97-160A-4FED-B5A4-4F492911B76D}.Debug|Any CPU.Build.0 = Debug|Any CPU
		{5FC4FA97-160A-4FED-B5A4-4F492911B76D}.Release|Any CPU.ActiveCfg = Release|Any CPU
		{5FC4FA97-160A-4FED-B5A4-4F492911B76D}.Release|Any CPU.Build.0 = Release|Any CPU
		{8C443B63-F74C-4578-A1B1-C1B1054695AA}.Debug|Any CPU.ActiveCfg = Debug|Any CPU
		{8C443B63-F74C-4578-A1B1-C1B1054695AA}.Debug|Any CPU.Build.0 = Debug|Any CPU
		{8C443B63-F74C-4578-A1B1-C1B1054695AA}.Release|Any CPU.ActiveCfg = Release|Any CPU
		{8C443B63-F74C-4578-A1B1-C1B1054695AA}.Release|Any CPU.Build.0 = Release|Any CPU
		{73BAED6E-E5AC-48E0-9AA8-073252C169A9}.Debug|Any CPU.ActiveCfg = Debug|Any CPU
		{73BAED6E-E5AC-48E0-9AA8-073252C169A9}.Debug|Any CPU.Build.0 = Debug|Any CPU
		{73BAED6E-E5AC-48E0-9AA8-073252C169A9}.Release|Any CPU.ActiveCfg = Release|Any CPU
		{73BAED6E-E5AC-48E0-9AA8-073252C169A9}.Release|Any CPU.Build.0 = Release|Any CPU
	EndGlobalSection
	GlobalSection(SolutionProperties) = preSolution
		HideSolutionNode = FALSE
	EndGlobalSection
	GlobalSection(ExtensibilityGlobals) = postSolution
		SolutionGuid = {8CA7904F-0E7A-4027-90B3-C1C92AFB37C7}
	EndGlobalSection
EndGlobal
